# generated by rye
# use `rye lock` or `rye sync` to update this lockfile
#
# last locked with the following flags:
#   pre: false
#   features: []
#   all-features: false
#   with-sources: false
#   generate-hashes: false
#   universal: false

-e file:.
asciitree==0.3.3
    # via zarr
click==8.1.7
    # via softcopy
colorama==0.4.6
    # via click
fasteners==0.19
    # via zarr
ml-dtypes==0.4.0
    # via tensorstore
numcodecs==0.13.0
    # via zarr
numpy==2.1.1
    # via ml-dtypes
    # via numcodecs
    # via softcopy
    # via tensorstore
    # via zarr
psutil==6.0.0
    # via softcopy
pyyaml==6.0.2
    # via softcopy
tensorstore==0.1.64
    # via softcopy
watchdog==5.0.2
    # via softcopy
zarr==2.18.2
    # via softcopy
