version = 1
requires-python = ">=3.12"

[[package]]
name = "asciitree"
version = "0.3.3"
source = { registry = "https://pypi.org/simple" }
sdist = { url = "https://files.pythonhosted.org/packages/2d/6a/885bc91484e1aa8f618f6f0228d76d0e67000b0fdd6090673b777e311913/asciitree-0.3.3.tar.gz", hash = "sha256:4aa4b9b649f85e3fcb343363d97564aa1fb62e249677f2e18a96765145cc0f6e", size = 3951 }

[[package]]
name = "click"
version = "8.1.7"
source = { registry = "https://pypi.org/simple" }
dependencies = [
    { name = "colorama", marker = "platform_system == 'Windows'" },
]
sdist = { url = "https://files.pythonhosted.org/packages/96/d3/f04c7bfcf5c1862a2a5b845c6b2b360488cf47af55dfa79c98f6a6bf98b5/click-8.1.7.tar.gz", hash = "sha256:ca9853ad459e787e2192211578cc907e7594e294c7ccc834310722b41b9ca6de", size = 336121 }
wheels = [
    { url = "https://files.pythonhosted.org/packages/00/2e/d53fa4befbf2cfa713304affc7ca780ce4fc1fd8710527771b58311a3229/click-8.1.7-py3-none-any.whl", hash = "sha256:ae74fb96c20a0277a1d615f1e4d73c8414f5a98db8b799a7931d1582f3390c28", size = 97941 },
]

[[package]]
name = "colorama"
version = "0.4.6"
source = { registry = "https://pypi.org/simple" }
sdist = { url = "https://files.pythonhosted.org/packages/d8/53/6f443c9a4a8358a93a6792e2acffb9d9d5cb0a5cfd8802644b7b1c9a02e4/colorama-0.4.6.tar.gz", hash = "sha256:08695f5cb7ed6e0531a20572697297273c47b8cae5a63ffc6d6ed5c201be6e44", size = 27697 }
wheels = [
    { url = "https://files.pythonhosted.org/packages/d1/d6/3965ed04c63042e047cb6a3e6ed1a63a35087b6a609aa3a15ed8ac56c221/colorama-0.4.6-py2.py3-none-any.whl", hash = "sha256:4f1d9991f5acc0ca119f9d443620b77f9d6b33703e51011c16baf57afb285fc6", size = 25335 },
]

[[package]]
name = "softcopy"
version = "0.1.0"
source = { editable = "." }
dependencies = [
    { name = "click" },
    { name = "numpy" },
    { name = "psutil" },
    { name = "pyyaml" },
    { name = "tensorstore" },
    { name = "watchdog" },
    { name = "zarr" },
]

[package.metadata]
requires-dist = [
    { name = "click", specifier = ">=8.1.7" },
    { name = "numpy", specifier = ">=2.1.0" },
    { name = "psutil", specifier = ">=6.0.0" },
    { name = "pyyaml", specifier = ">=6.0.2" },
    { name = "tensorstore", specifier = ">=0.1.64" },
    { name = "watchdog", specifier = ">=5.0.0" },
    { name = "zarr", specifier = ">=2.18.2" },
]

[[package]]
name = "fasteners"
version = "0.19"
source = { registry = "https://pypi.org/simple" }
sdist = { url = "https://files.pythonhosted.org/packages/5f/d4/e834d929be54bfadb1f3e3b931c38e956aaa3b235a46a3c764c26c774902/fasteners-0.19.tar.gz", hash = "sha256:b4f37c3ac52d8a445af3a66bce57b33b5e90b97c696b7b984f530cf8f0ded09c", size = 24832 }
wheels = [
    { url = "https://files.pythonhosted.org/packages/61/bf/fd60001b3abc5222d8eaa4a204cd8c0ae78e75adc688f33ce4bf25b7fafa/fasteners-0.19-py3-none-any.whl", hash = "sha256:758819cb5d94cdedf4e836988b74de396ceacb8e2794d21f82d131fd9ee77237", size = 18679 },
]

[[package]]
name = "ml-dtypes"
version = "0.4.0"
source = { registry = "https://pypi.org/simple" }
dependencies = [
    { name = "numpy" },
]
sdist = { url = "https://files.pythonhosted.org/packages/dd/50/17ab8a66d66bdf55ff6dea6fe2df424061cee65c6d772abc871bb563f91b/ml_dtypes-0.4.0.tar.gz", hash = "sha256:eaf197e72f4f7176a19fe3cb8b61846b38c6757607e7bf9cd4b1d84cd3e74deb", size = 692650 }
wheels = [
    { url = "https://files.pythonhosted.org/packages/30/9d/890e8c9cb556cec121f784fd84089e1e52939ba6eabf5dc62f6435db28d6/ml_dtypes-0.4.0-cp312-cp312-macosx_10_9_universal2.whl", hash = "sha256:ee9f91d4c4f9959a7e1051c141dc565f39e54435618152219769e24f5e9a4d06", size = 394380 },
    { url = "https://files.pythonhosted.org/packages/37/d5/3f3085b3a155e1b84c7fc680f05538d31cf01b835aa19cb17edd4994693f/ml_dtypes-0.4.0-cp312-cp312-manylinux_2_17_aarch64.manylinux2014_aarch64.whl", hash = "sha256:ad6849a2db386b38e4d54fe13eb3293464561780531a918f8ef4c8169170dd49", size = 2181698 },
    { url = "https://files.pythonhosted.org/packages/8c/ef/5635b60d444db9c949b32d4e1a0a30b3ac237afbd71cce8bd1ccfb145723/ml_dtypes-0.4.0-cp312-cp312-manylinux_2_17_x86_64.manylinux2014_x86_64.whl", hash = "sha256:eaa32979ebfde3a0d7c947cafbf79edc1ec77ac05ad0780ee86c1d8df70f2259", size = 2158784 },
    { url = "https://files.pythonhosted.org/packages/0f/b7/7cfca987ca898b64c0b7d185e957fbd8dccb64fe5ae9e44f68ec83371df5/ml_dtypes-0.4.0-cp312-cp312-win_amd64.whl", hash = "sha256:3b67ec73a697c88c1122038e0de46520e48dc2ec876d42cf61bc5efe3c0b7675", size = 127498 },
]

[[package]]
name = "numcodecs"
version = "0.13.0"
source = { registry = "https://pypi.org/simple" }
dependencies = [
    { name = "numpy" },
]
sdist = { url = "https://files.pythonhosted.org/packages/f8/22/e5cba9013403186906390c0efb0ab0db60d4e580a8966650b2372ab967e1/numcodecs-0.13.0.tar.gz", hash = "sha256:ba4fac7036ea5a078c7afe1d4dffeb9685080d42f19c9c16b12dad866703aa2e", size = 5922216 }
wheels = [
    { url = "https://files.pythonhosted.org/packages/13/98/f84a6c9d679897f771d81a725078ba8206e6d8cf0b76d12369497bec1ae3/numcodecs-0.13.0-cp312-cp312-macosx_10_9_x86_64.whl", hash = "sha256:f3cf462d2357998d7f6baaa0427657b0eeda3eb79fba2b146d2d04542912a513", size = 1565557 },
    { url = "https://files.pythonhosted.org/packages/5a/08/2079fb77e0922d78a890a69a389bbb01f1335292c478827deb811a0a1009/numcodecs-0.13.0-cp312-cp312-macosx_11_0_arm64.whl", hash = "sha256:ac4dd5556fb126271e93bd1a02266e21b01d3617db448d70d00eec8e034506b4", size = 1173464 },
    { url = "https://files.pythonhosted.org/packages/85/dd/c89fd8966b69ab4d6c6bd7496fb18bdf920f23dd9bcaec8c7ecce9871d0b/numcodecs-0.13.0-cp312-cp312-manylinux_2_17_x86_64.manylinux2014_x86_64.whl", hash = "sha256:820be89729583c91601a6b35c052008cdd2665b25bfedb91b367cc155fb34ba0", size = 8836483 },
    { url = "https://files.pythonhosted.org/packages/f3/b2/2fbf5c79e3df7344f3bcf711f2237f1bc70f0bc49826990023847c718050/numcodecs-0.13.0-cp312-cp312-win_amd64.whl", hash = "sha256:d67a859dd8a7f026829e91cb1799c26720cc9d29ee4ae0060cc7a581670abc06", size = 829715 },
]

[[package]]
name = "numpy"
version = "2.1.0"
source = { registry = "https://pypi.org/simple" }
sdist = { url = "https://files.pythonhosted.org/packages/54/a4/f8188c4f3e07f7737683588210c073478abcb542048cf4ab6fedad0b458a/numpy-2.1.0.tar.gz", hash = "sha256:7dc90da0081f7e1da49ec4e398ede6a8e9cc4f5ebe5f9e06b443ed889ee9aaa2", size = 18868922 }
wheels = [
    { url = "https://files.pythonhosted.org/packages/eb/f5/a06a231cbeea4aff841ff744a12e4bf4d4407f2c753d13ce4563aa126c90/numpy-2.1.0-cp312-cp312-macosx_10_9_x86_64.whl", hash = "sha256:fe76d75b345dc045acdbc006adcb197cc680754afd6c259de60d358d60c93736", size = 20882951 },
    { url = "https://files.pythonhosted.org/packages/70/1d/4ad38e3a1840f72c29595c06b103ecd9119f260e897ff7e88a74adb0ca14/numpy-2.1.0-cp312-cp312-macosx_11_0_arm64.whl", hash = "sha256:f358ea9e47eb3c2d6eba121ab512dfff38a88db719c38d1e67349af210bc7529", size = 13491878 },
    { url = "https://files.pythonhosted.org/packages/b4/3b/569055d01ed80634d6be6ceef8fb28eb0866e4f98c2d97667dcf9fae3e22/numpy-2.1.0-cp312-cp312-macosx_14_0_arm64.whl", hash = "sha256:dd94ce596bda40a9618324547cfaaf6650b1a24f5390350142499aa4e34e53d1", size = 5087346 },
    { url = "https://files.pythonhosted.org/packages/24/37/212dd6fbd298c467b80d4d6217b2bc902b520e96a967b59f72603bf1142f/numpy-2.1.0-cp312-cp312-macosx_14_0_x86_64.whl", hash = "sha256:b47c551c6724960479cefd7353656498b86e7232429e3a41ab83be4da1b109e8", size = 6618269 },
    { url = "https://files.pythonhosted.org/packages/33/4d/435c143c06e16c8bfccbfd9af252b0a8ac7897e0c0e36e539d75a75e91b4/numpy-2.1.0-cp312-cp312-manylinux_2_17_aarch64.manylinux2014_aarch64.whl", hash = "sha256:a0756a179afa766ad7cb6f036de622e8a8f16ffdd55aa31f296c870b5679d745", size = 13695244 },
    { url = "https://files.pythonhosted.org/packages/48/3e/bf807eb050abc23adc556f34fcf931ca2d67ad8dfc9c17fcd9332c01347f/numpy-2.1.0-cp312-cp312-manylinux_2_17_x86_64.manylinux2014_x86_64.whl", hash = "sha256:24003ba8ff22ea29a8c306e61d316ac74111cebf942afbf692df65509a05f111", size = 16040181 },
    { url = "https://files.pythonhosted.org/packages/cd/a9/40dc96b5d43076836d82d1e84a3a4a6a4c2925a53ec0b7f31271434ff02c/numpy-2.1.0-cp312-cp312-musllinux_1_1_x86_64.whl", hash = "sha256:b34fa5e3b5d6dc7e0a4243fa0f81367027cb6f4a7215a17852979634b5544ee0", size = 16407920 },
    { url = "https://files.pythonhosted.org/packages/cc/77/39e44cf0a6eb0f93b18ffb00f1964b2c471b1df5605aee486c221b06a8e4/numpy-2.1.0-cp312-cp312-musllinux_1_2_aarch64.whl", hash = "sha256:c4f982715e65036c34897eb598d64aef15150c447be2cfc6643ec7a11af06574", size = 14170943 },
    { url = "https://files.pythonhosted.org/packages/54/02/f0a3c2ec1622dc4346bd126e2578948c7192b3838c893a3d215738fb367b/numpy-2.1.0-cp312-cp312-win32.whl", hash = "sha256:c4cd94dfefbefec3f8b544f61286584292d740e6e9d4677769bc76b8f41deb02", size = 6235947 },
    { url = "https://files.pythonhosted.org/packages/8c/bf/d9d214a9dff020ad1663f1536f45d34e052e4c7f630c46cd363e785e3231/numpy-2.1.0-cp312-cp312-win_amd64.whl", hash = "sha256:a0cdef204199278f5c461a0bed6ed2e052998276e6d8ab2963d5b5c39a0500bc", size = 12566546 },
    { url = "https://files.pythonhosted.org/packages/c3/16/6b536e1b67624178e3631a3fa60c9c1b5ee7cda2fa9492c4f2de01bfcb06/numpy-2.1.0-cp313-cp313-macosx_10_13_x86_64.whl", hash = "sha256:8ab81ccd753859ab89e67199b9da62c543850f819993761c1e94a75a814ed667", size = 20833354 },
    { url = "https://files.pythonhosted.org/packages/52/87/130e95aa8a6383fc3de4fdaf7adc629289b79b88548fb6e35e9d924697d7/numpy-2.1.0-cp313-cp313-macosx_11_0_arm64.whl", hash = "sha256:442596f01913656d579309edcd179a2a2f9977d9a14ff41d042475280fc7f34e", size = 13506169 },
    { url = "https://files.pythonhosted.org/packages/d9/c2/0fcf68c67681f9ad9d76156b4606f60b48748ead76d4ba19b90aecd4b626/numpy-2.1.0-cp313-cp313-macosx_14_0_arm64.whl", hash = "sha256:848c6b5cad9898e4b9ef251b6f934fa34630371f2e916261070a4eb9092ffd33", size = 5072908 },
    { url = "https://files.pythonhosted.org/packages/72/40/e21bbbfae665ef5fa1dfd7eae1c5dc93ba9d3b36e39d2d38789dd8c22d56/numpy-2.1.0-cp313-cp313-macosx_14_0_x86_64.whl", hash = "sha256:54c6a63e9d81efe64bfb7bcb0ec64332a87d0b87575f6009c8ba67ea6374770b", size = 6604906 },
    { url = "https://files.pythonhosted.org/packages/0e/ce/848967516bf8dd4f769886a883a4852dbc62e9b63b1137d2b9900f595222/numpy-2.1.0-cp313-cp313-manylinux_2_17_aarch64.manylinux2014_aarch64.whl", hash = "sha256:652e92fc409e278abdd61e9505649e3938f6d04ce7ef1953f2ec598a50e7c195", size = 13690864 },
    { url = "https://files.pythonhosted.org/packages/15/72/2cebe04758e1123f625ed3221cb3c48602175ad619dd9b47de69689b4656/numpy-2.1.0-cp313-cp313-manylinux_2_17_x86_64.manylinux2014_x86_64.whl", hash = "sha256:0ab32eb9170bf8ffcbb14f11613f4a0b108d3ffee0832457c5d4808233ba8977", size = 16036272 },
    { url = "https://files.pythonhosted.org/packages/a7/b7/ae34ced7864b551e0ea01ce4e7acbe7ddf5946afb623dea39760b19bc8b0/numpy-2.1.0-cp313-cp313-musllinux_1_1_x86_64.whl", hash = "sha256:8fb49a0ba4d8f41198ae2d52118b050fd34dace4b8f3fb0ee34e23eb4ae775b1", size = 16408978 },
    { url = "https://files.pythonhosted.org/packages/4d/22/c9d696b87c5ce25e857d7745fe4f090373a2daf8c26f5e15b32b5db7bff7/numpy-2.1.0-cp313-cp313-musllinux_1_2_aarch64.whl", hash = "sha256:44e44973262dc3ae79e9063a1284a73e09d01b894b534a769732ccd46c28cc62", size = 14168398 },
    { url = "https://files.pythonhosted.org/packages/9e/8b/63f74dccf86d4832d593bdbe06544f4a0a1b7e18e86e0db1e8231bf47c49/numpy-2.1.0-cp313-cp313-win32.whl", hash = "sha256:ab83adc099ec62e044b1fbb3a05499fa1e99f6d53a1dde102b2d85eff66ed324", size = 6232743 },
    { url = "https://files.pythonhosted.org/packages/23/4b/e30a3132478c69df3e3e587fa87dcbf2660455daec92d8d52e7028a92554/numpy-2.1.0-cp313-cp313-win_amd64.whl", hash = "sha256:de844aaa4815b78f6023832590d77da0e3b6805c644c33ce94a1e449f16d6ab5", size = 12560212 },
    { url = "https://files.pythonhosted.org/packages/5a/1b/40e881a3a272c4861de1e43a3e7ee1559988dd12187463726d3b395a8874/numpy-2.1.0-cp313-cp313t-macosx_10_13_x86_64.whl", hash = "sha256:343e3e152bf5a087511cd325e3b7ecfd5b92d369e80e74c12cd87826e263ec06", size = 20840821 },
    { url = "https://files.pythonhosted.org/packages/d0/8e/5b7c08f9238f6cc18037f6fd92f83feaa8c19e9decb6bd075cad81f71fae/numpy-2.1.0-cp313-cp313t-macosx_11_0_arm64.whl", hash = "sha256:f07fa2f15dabe91259828ce7d71b5ca9e2eb7c8c26baa822c825ce43552f4883", size = 13500478 },
    { url = "https://files.pythonhosted.org/packages/65/32/bf9df25ef50761fcb3e089c745d2e195b35cc6506d032f12bb5cc28f6c43/numpy-2.1.0-cp313-cp313t-macosx_14_0_arm64.whl", hash = "sha256:5474dad8c86ee9ba9bb776f4b99ef2d41b3b8f4e0d199d4f7304728ed34d0300", size = 5095825 },
    { url = "https://files.pythonhosted.org/packages/50/34/d18c95bc5981ea3bb8e6f896aad12159a37dcc67b22cd9464fe3899612f7/numpy-2.1.0-cp313-cp313t-macosx_14_0_x86_64.whl", hash = "sha256:1f817c71683fd1bb5cff1529a1d085a57f02ccd2ebc5cd2c566f9a01118e3b7d", size = 6611470 },
    { url = "https://files.pythonhosted.org/packages/b4/4f/27d56e9f6222419951bfeef54bc0a71dc40c0ebeb248e1aa85655da6fa11/numpy-2.1.0-cp313-cp313t-manylinux_2_17_aarch64.manylinux2014_aarch64.whl", hash = "sha256:3a3336fbfa0d38d3deacd3fe7f3d07e13597f29c13abf4d15c3b6dc2291cbbdd", size = 13647061 },
    { url = "https://files.pythonhosted.org/packages/f9/e0/ae6e12a157c4ab415b380d0f3596cb9090a0c4acf48cd8cd7bc6d6b93d24/numpy-2.1.0-cp313-cp313t-manylinux_2_17_x86_64.manylinux2014_x86_64.whl", hash = "sha256:7a894c51fd8c4e834f00ac742abad73fc485df1062f1b875661a3c1e1fb1c2f6", size = 16006479 },
    { url = "https://files.pythonhosted.org/packages/ab/da/b746668c7303bd73af262208abbfa8b1c86be12e9eccb0d3021ed8a58873/numpy-2.1.0-cp313-cp313t-musllinux_1_1_x86_64.whl", hash = "sha256:9156ca1f79fc4acc226696e95bfcc2b486f165a6a59ebe22b2c1f82ab190384a", size = 16383064 },
    { url = "https://files.pythonhosted.org/packages/f4/51/c0dcadea0c281be5db32b29f7b977b17bdb53b7dbfcbc3b4f49288de8696/numpy-2.1.0-cp313-cp313t-musllinux_1_2_aarch64.whl", hash = "sha256:624884b572dff8ca8f60fab591413f077471de64e376b17d291b19f56504b2bb", size = 14135556 },
]

[[package]]
name = "psutil"
version = "6.0.0"
source = { registry = "https://pypi.org/simple" }
sdist = { url = "https://files.pythonhosted.org/packages/18/c7/8c6872f7372eb6a6b2e4708b88419fb46b857f7a2e1892966b851cc79fc9/psutil-6.0.0.tar.gz", hash = "sha256:8faae4f310b6d969fa26ca0545338b21f73c6b15db7c4a8d934a5482faa818f2", size = 508067 }
wheels = [
    { url = "https://files.pythonhosted.org/packages/c5/66/78c9c3020f573c58101dc43a44f6855d01bbbd747e24da2f0c4491200ea3/psutil-6.0.0-cp27-none-win32.whl", hash = "sha256:02b69001f44cc73c1c5279d02b30a817e339ceb258ad75997325e0e6169d8b35", size = 249766 },
    { url = "https://files.pythonhosted.org/packages/e1/3f/2403aa9558bea4d3854b0e5e567bc3dd8e9fbc1fc4453c0aa9aafeb75467/psutil-6.0.0-cp27-none-win_amd64.whl", hash = "sha256:21f1fb635deccd510f69f485b87433460a603919b45e2a324ad65b0cc74f8fb1", size = 253024 },
    { url = "https://files.pythonhosted.org/packages/0b/37/f8da2fbd29690b3557cca414c1949f92162981920699cd62095a984983bf/psutil-6.0.0-cp36-abi3-macosx_10_9_x86_64.whl", hash = "sha256:c588a7e9b1173b6e866756dde596fd4cad94f9399daf99ad8c3258b3cb2b47a0", size = 250961 },
    { url = "https://files.pythonhosted.org/packages/35/56/72f86175e81c656a01c4401cd3b1c923f891b31fbcebe98985894176d7c9/psutil-6.0.0-cp36-abi3-manylinux_2_12_i686.manylinux2010_i686.manylinux_2_17_i686.manylinux2014_i686.whl", hash = "sha256:6ed2440ada7ef7d0d608f20ad89a04ec47d2d3ab7190896cd62ca5fc4fe08bf0", size = 287478 },
    { url = "https://files.pythonhosted.org/packages/19/74/f59e7e0d392bc1070e9a70e2f9190d652487ac115bb16e2eff6b22ad1d24/psutil-6.0.0-cp36-abi3-manylinux_2_12_x86_64.manylinux2010_x86_64.manylinux_2_17_x86_64.manylinux2014_x86_64.whl", hash = "sha256:5fd9a97c8e94059b0ef54a7d4baf13b405011176c3b6ff257c247cae0d560ecd", size = 290455 },
    { url = "https://files.pythonhosted.org/packages/cd/5f/60038e277ff0a9cc8f0c9ea3d0c5eb6ee1d2470ea3f9389d776432888e47/psutil-6.0.0-cp36-abi3-manylinux_2_17_aarch64.manylinux2014_aarch64.whl", hash = "sha256:e2e8d0054fc88153ca0544f5c4d554d42e33df2e009c4ff42284ac9ebdef4132", size = 292046 },
    { url = "https://files.pythonhosted.org/packages/8b/20/2ff69ad9c35c3df1858ac4e094f20bd2374d33c8643cf41da8fd7cdcb78b/psutil-6.0.0-cp37-abi3-win32.whl", hash = "sha256:a495580d6bae27291324fe60cea0b5a7c23fa36a7cd35035a16d93bdcf076b9d", size = 253560 },
    { url = "https://files.pythonhosted.org/packages/73/44/561092313ae925f3acfaace6f9ddc4f6a9c748704317bad9c8c8f8a36a79/psutil-6.0.0-cp37-abi3-win_amd64.whl", hash = "sha256:33ea5e1c975250a720b3a6609c490db40dae5d83a4eb315170c4fe0d8b1f34b3", size = 257399 },
    { url = "https://files.pythonhosted.org/packages/7c/06/63872a64c312a24fb9b4af123ee7007a306617da63ff13bcc1432386ead7/psutil-6.0.0-cp38-abi3-macosx_11_0_arm64.whl", hash = "sha256:ffe7fc9b6b36beadc8c322f84e1caff51e8703b88eee1da46d1e3a6ae11b4fd0", size = 251988 },
]

[[package]]
name = "pyyaml"
version = "6.0.2"
source = { registry = "https://pypi.org/simple" }
sdist = { url = "https://files.pythonhosted.org/packages/54/ed/79a089b6be93607fa5cdaedf301d7dfb23af5f25c398d5ead2525b063e17/pyyaml-6.0.2.tar.gz", hash = "sha256:d584d9ec91ad65861cc08d42e834324ef890a082e591037abe114850ff7bbc3e", size = 130631 }
wheels = [
    { url = "https://files.pythonhosted.org/packages/86/0c/c581167fc46d6d6d7ddcfb8c843a4de25bdd27e4466938109ca68492292c/PyYAML-6.0.2-cp312-cp312-macosx_10_9_x86_64.whl", hash = "sha256:c70c95198c015b85feafc136515252a261a84561b7b1d51e3384e0655ddf25ab", size = 183873 },
    { url = "https://files.pythonhosted.org/packages/a8/0c/38374f5bb272c051e2a69281d71cba6fdb983413e6758b84482905e29a5d/PyYAML-6.0.2-cp312-cp312-macosx_11_0_arm64.whl", hash = "sha256:ce826d6ef20b1bc864f0a68340c8b3287705cae2f8b4b1d932177dcc76721725", size = 173302 },
    { url = "https://files.pythonhosted.org/packages/c3/93/9916574aa8c00aa06bbac729972eb1071d002b8e158bd0e83a3b9a20a1f7/PyYAML-6.0.2-cp312-cp312-manylinux_2_17_aarch64.manylinux2014_aarch64.whl", hash = "sha256:1f71ea527786de97d1a0cc0eacd1defc0985dcf6b3f17bb77dcfc8c34bec4dc5", size = 739154 },
    { url = "https://files.pythonhosted.org/packages/95/0f/b8938f1cbd09739c6da569d172531567dbcc9789e0029aa070856f123984/PyYAML-6.0.2-cp312-cp312-manylinux_2_17_s390x.manylinux2014_s390x.whl", hash = "sha256:9b22676e8097e9e22e36d6b7bda33190d0d400f345f23d4065d48f4ca7ae0425", size = 766223 },
    { url = "https://files.pythonhosted.org/packages/b9/2b/614b4752f2e127db5cc206abc23a8c19678e92b23c3db30fc86ab731d3bd/PyYAML-6.0.2-cp312-cp312-manylinux_2_17_x86_64.manylinux2014_x86_64.whl", hash = "sha256:80bab7bfc629882493af4aa31a4cfa43a4c57c83813253626916b8c7ada83476", size = 767542 },
    { url = "https://files.pythonhosted.org/packages/d4/00/dd137d5bcc7efea1836d6264f049359861cf548469d18da90cd8216cf05f/PyYAML-6.0.2-cp312-cp312-musllinux_1_1_aarch64.whl", hash = "sha256:0833f8694549e586547b576dcfaba4a6b55b9e96098b36cdc7ebefe667dfed48", size = 731164 },
    { url = "https://files.pythonhosted.org/packages/c9/1f/4f998c900485e5c0ef43838363ba4a9723ac0ad73a9dc42068b12aaba4e4/PyYAML-6.0.2-cp312-cp312-musllinux_1_1_x86_64.whl", hash = "sha256:8b9c7197f7cb2738065c481a0461e50ad02f18c78cd75775628afb4d7137fb3b", size = 756611 },
    { url = "https://files.pythonhosted.org/packages/df/d1/f5a275fdb252768b7a11ec63585bc38d0e87c9e05668a139fea92b80634c/PyYAML-6.0.2-cp312-cp312-win32.whl", hash = "sha256:ef6107725bd54b262d6dedcc2af448a266975032bc85ef0172c5f059da6325b4", size = 140591 },
    { url = "https://files.pythonhosted.org/packages/0c/e8/4f648c598b17c3d06e8753d7d13d57542b30d56e6c2dedf9c331ae56312e/PyYAML-6.0.2-cp312-cp312-win_amd64.whl", hash = "sha256:7e7401d0de89a9a855c839bc697c079a4af81cf878373abd7dc625847d25cbd8", size = 156338 },
    { url = "https://files.pythonhosted.org/packages/ef/e3/3af305b830494fa85d95f6d95ef7fa73f2ee1cc8ef5b495c7c3269fb835f/PyYAML-6.0.2-cp313-cp313-macosx_10_13_x86_64.whl", hash = "sha256:efdca5630322a10774e8e98e1af481aad470dd62c3170801852d752aa7a783ba", size = 181309 },
    { url = "https://files.pythonhosted.org/packages/45/9f/3b1c20a0b7a3200524eb0076cc027a970d320bd3a6592873c85c92a08731/PyYAML-6.0.2-cp313-cp313-macosx_11_0_arm64.whl", hash = "sha256:50187695423ffe49e2deacb8cd10510bc361faac997de9efef88badc3bb9e2d1", size = 171679 },
    { url = "https://files.pythonhosted.org/packages/7c/9a/337322f27005c33bcb656c655fa78325b730324c78620e8328ae28b64d0c/PyYAML-6.0.2-cp313-cp313-manylinux_2_17_aarch64.manylinux2014_aarch64.whl", hash = "sha256:0ffe8360bab4910ef1b9e87fb812d8bc0a308b0d0eef8c8f44e0254ab3b07133", size = 733428 },
    { url = "https://files.pythonhosted.org/packages/a3/69/864fbe19e6c18ea3cc196cbe5d392175b4cf3d5d0ac1403ec3f2d237ebb5/PyYAML-6.0.2-cp313-cp313-manylinux_2_17_s390x.manylinux2014_s390x.whl", hash = "sha256:17e311b6c678207928d649faa7cb0d7b4c26a0ba73d41e99c4fff6b6c3276484", size = 763361 },
    { url = "https://files.pythonhosted.org/packages/04/24/b7721e4845c2f162d26f50521b825fb061bc0a5afcf9a386840f23ea19fa/PyYAML-6.0.2-cp313-cp313-manylinux_2_17_x86_64.manylinux2014_x86_64.whl", hash = "sha256:70b189594dbe54f75ab3a1acec5f1e3faa7e8cf2f1e08d9b561cb41b845f69d5", size = 759523 },
    { url = "https://files.pythonhosted.org/packages/2b/b2/e3234f59ba06559c6ff63c4e10baea10e5e7df868092bf9ab40e5b9c56b6/PyYAML-6.0.2-cp313-cp313-musllinux_1_1_aarch64.whl", hash = "sha256:41e4e3953a79407c794916fa277a82531dd93aad34e29c2a514c2c0c5fe971cc", size = 726660 },
    { url = "https://files.pythonhosted.org/packages/fe/0f/25911a9f080464c59fab9027482f822b86bf0608957a5fcc6eaac85aa515/PyYAML-6.0.2-cp313-cp313-musllinux_1_1_x86_64.whl", hash = "sha256:68ccc6023a3400877818152ad9a1033e3db8625d899c72eacb5a668902e4d652", size = 751597 },
    { url = "https://files.pythonhosted.org/packages/14/0d/e2c3b43bbce3cf6bd97c840b46088a3031085179e596d4929729d8d68270/PyYAML-6.0.2-cp313-cp313-win32.whl", hash = "sha256:bc2fa7c6b47d6bc618dd7fb02ef6fdedb1090ec036abab80d4681424b84c1183", size = 140527 },
    { url = "https://files.pythonhosted.org/packages/fa/de/02b54f42487e3d3c6efb3f89428677074ca7bf43aae402517bc7cca949f3/PyYAML-6.0.2-cp313-cp313-win_amd64.whl", hash = "sha256:8388ee1976c416731879ac16da0aff3f63b286ffdd57cdeb95f3f2e085687563", size = 156446 },
]

[[package]]
name = "tensorstore"
version = "0.1.64"
source = { registry = "https://pypi.org/simple" }
dependencies = [
    { name = "ml-dtypes" },
    { name = "numpy" },
]
sdist = { url = "https://files.pythonhosted.org/packages/ce/b7/04d19901451da377f03a6e1ae3d9edf0b43af93309f558abf28b2e5aaceb/tensorstore-0.1.64.tar.gz", hash = "sha256:7fa89e90876fb5377efc54f3f37326a6fb83ec9e1326565819a75a4e80949886", size = 6510000 }
wheels = [
    { url = "https://files.pythonhosted.org/packages/00/32/e9b22f4c05ae910940fbc6c304b6570b8cf8d35b1d2e8600d8118c42a80d/tensorstore-0.1.64-cp312-cp312-macosx_10_14_x86_64.whl", hash = "sha256:80c510024cc31c4dee7f478ea67a0b4b4cacf5a6bffe8c4e446188fdbe2d7b4c", size = 15404886 },
    { url = "https://files.pythonhosted.org/packages/df/9d/01e43143ac82cdc7b87e55818f0052a63b3414bd9f731a2c991dd68ca4ba/tensorstore-0.1.64-cp312-cp312-macosx_11_0_arm64.whl", hash = "sha256:c90d38b552c79f0d688cc3d502a9023e3dee9821881d6727d8aa06482ccdc0c1", size = 13594439 },
    { url = "https://files.pythonhosted.org/packages/44/7e/1522b9092e396d64d84ea799ef1f9c1d7e7da3514277fa8b908e1d8d26d1/tensorstore-0.1.64-cp312-cp312-manylinux_2_17_aarch64.manylinux2014_aarch64.whl", hash = "sha256:9968f9a9b9cd7c669bfae5244307e105c006038e8dd156eebbf2146f771ba369", size = 13646074 },
    { url = "https://files.pythonhosted.org/packages/0a/eb/09210bb4a8afc991eb9cb794269ff276a62f15936aef2b64335b61412f7a/tensorstore-0.1.64-cp312-cp312-manylinux_2_17_x86_64.manylinux2014_x86_64.whl", hash = "sha256:806774968ee4cc8809114281730e9fad5970a94a7ef9104bc54fa35a32068b2f", size = 14923761 },
    { url = "https://files.pythonhosted.org/packages/c7/70/27281fb67817d69dddc5eec9827513f8e341e3a52cb85f066a84e9274a47/tensorstore-0.1.64-cp312-cp312-win_amd64.whl", hash = "sha256:cc315029f49c0f294f0721462c221e0ef4c15360a526cc34392ac81565fd63b8", size = 11523992 },
]

[[package]]
name = "watchdog"
version = "5.0.0"
source = { registry = "https://pypi.org/simple" }
sdist = { url = "https://files.pythonhosted.org/packages/f2/b5/9943b585553bbda2a2795fb0db1d26267e8728f64cb15205dc640a5ecde0/watchdog-5.0.0.tar.gz", hash = "sha256:990aedb9e2f336b45a70aed9c014450e7c4a70fd99c5f5b1834d57e1453a177e", size = 127192 }
wheels = [
    { url = "https://files.pythonhosted.org/packages/b7/a6/78a205c13e72c3262dc6b5c7deab86a77b2a24dc4e376cd686d383883b7d/watchdog-5.0.0-cp312-cp312-macosx_10_9_universal2.whl", hash = "sha256:1e26f570dd7f5178656affb24d6f0e22ce66c8daf88d4061a27bfb9ac866b40d", size = 96207 },
    { url = "https://files.pythonhosted.org/packages/1d/54/c7bff808050273fc7d1fbe2fa649931c90e558816187d6c28086bd31c5ae/watchdog-5.0.0-cp312-cp312-macosx_10_9_x86_64.whl", hash = "sha256:d146331e6b206baa9f6dd40f72b5783ad2302c240df68e7fce196d30588ccf7b", size = 88161 },
    { url = "https://files.pythonhosted.org/packages/8b/23/92382a9cbd3d9fbc35fa3693eb2932d54d8085af0a10a0af8c1959681c98/watchdog-5.0.0-cp312-cp312-macosx_11_0_arm64.whl", hash = "sha256:6c96b1706430839872a3e33b9370ee3f7a0079f6b828129d88498ad1f96a0f45", size = 88777 },
    { url = "https://files.pythonhosted.org/packages/96/06/eadb771e73854c2a1fdbd795aefdb6dcdf0aa9e922f98a7e8e72f4f79469/watchdog-5.0.0-cp313-cp313-macosx_10_13_universal2.whl", hash = "sha256:663b096368ed7831ac42259919fdb9e0a1f0a8994d972675dfbcca0225e74de1", size = 96200 },
    { url = "https://files.pythonhosted.org/packages/fc/c5/8356ef0f6b991087aaa0abd303f7f8325bab448a7b3a9cd4a1963a18f124/watchdog-5.0.0-cp313-cp313-macosx_10_13_x86_64.whl", hash = "sha256:685931412978d00a91a193d9018fc9e394e565e8e7a0c275512a80e59c6e85f8", size = 88174 },
    { url = "https://files.pythonhosted.org/packages/76/98/25eb610688e465514846eb7fd051b48aac648ec345ad6bd6460a1b0d884a/watchdog-5.0.0-cp313-cp313-macosx_11_0_arm64.whl", hash = "sha256:109daafc5b0f2a98d1fa9475ff9737eb3559d57b18129a36495e20c71de0b44f", size = 88776 },
    { url = "https://files.pythonhosted.org/packages/48/8a/1e1e36a02a25d0242d0c57fbabcee2296532fe7d0d4e84f7b02fade7872b/watchdog-5.0.0-py3-none-manylinux2014_aarch64.whl", hash = "sha256:d76efab5248aafbf8a2c2a63cd7b9545e6b346ad1397af8b862a3bb3140787d8", size = 78803 },
    { url = "https://files.pythonhosted.org/packages/44/25/238a16222369595f144a58d9d5ea3de2f76a0b4c8f4bab80e806174f6a0e/watchdog-5.0.0-py3-none-manylinux2014_armv7l.whl", hash = "sha256:ff4e957c45c446de34c513eadce01d0b65da7eee47c01dce472dd136124552c9", size = 78800 },
    { url = "https://files.pythonhosted.org/packages/4c/28/474243e7b4794c1a3fb7eb8c8b15f486ffdfbc9711055540522a09476975/watchdog-5.0.0-py3-none-manylinux2014_i686.whl", hash = "sha256:16c1aa3377bb1f82c5e24277fcbf4e2cac3c4ce46aaaf7212d53caa9076eb7b7", size = 78798 },
    { url = "https://files.pythonhosted.org/packages/36/c0/7dec9f91e684851a5f14edec1bebfe9bed6e6b45bad21396456543c4ba7f/watchdog-5.0.0-py3-none-manylinux2014_ppc64.whl", hash = "sha256:22fcad6168fc43cf0e709bd854be5b8edbb0b260f0a6f28f1ea9baa53c6907f7", size = 78800 },
    { url = "https://files.pythonhosted.org/packages/7b/a9/a0ae3c4e8581741a58a6652bebee255328b786d993db38b8d66660b2b830/watchdog-5.0.0-py3-none-manylinux2014_ppc64le.whl", hash = "sha256:0120b2fa65732797ffa65fa8ee5540c288aa861d91447df298626d6385a24658", size = 78802 },
    { url = "https://files.pythonhosted.org/packages/d7/86/51fd182579692c41c1813d9269d349843adeb700adaf6a18d9da0681bcfb/watchdog-5.0.0-py3-none-manylinux2014_s390x.whl", hash = "sha256:2aa59fab7ff75281778c649557275ca3085eccbdf825a0e2a5ca3810e977afe5", size = 78801 },
    { url = "https://files.pythonhosted.org/packages/70/76/062a1e150a2ecbeee87bc1c794e95889eb7122c847666cb3351201386105/watchdog-5.0.0-py3-none-manylinux2014_x86_64.whl", hash = "sha256:78db0fe0336958fc0e1269545c980b6f33d04d184ba191b2800a8b71d3e971a9", size = 78801 },
    { url = "https://files.pythonhosted.org/packages/dd/80/8e4360dcd907e7fb0c718811abecbf11ecf75f2fe92c77a6cfc6ff63158c/watchdog-5.0.0-py3-none-win32.whl", hash = "sha256:d1acef802916083f2ad7988efc7decf07e46e266916c0a09d8fb9d387288ea12", size = 78790 },
    { url = "https://files.pythonhosted.org/packages/bd/94/1344f73df316dd199b50258d2afad05e1843ff87a2dde969640b3bf6c795/watchdog-5.0.0-py3-none-win_amd64.whl", hash = "sha256:3c2d50fdb86aa6df3973313272f5a17eb26eab29ff5a0bf54b6d34597b4dc4e4", size = 78793 },
    { url = "https://files.pythonhosted.org/packages/80/05/4128ae5cdf270bdd80ece30d02c72c0a67433e04c44a3a62e91dce7cfaf6/watchdog-5.0.0-py3-none-win_ia64.whl", hash = "sha256:1d17ec7e022c34fa7ddc72aa41bf28c9d1207ffb193df18ba4f6fde453725b3c", size = 78791 },
]

[[package]]
name = "zarr"
version = "2.18.2"
source = { registry = "https://pypi.org/simple" }
dependencies = [
    { name = "asciitree" },
    { name = "fasteners", marker = "sys_platform != 'emscripten'" },
    { name = "numcodecs" },
    { name = "numpy" },
]
sdist = { url = "https://files.pythonhosted.org/packages/b3/00/ac5c518ff1c1b1cc87a62f86ad9d19c647c19d969a91faa40d3b6342ccaa/zarr-2.18.2.tar.gz", hash = "sha256:9bb393b8a0a38fb121dbb913b047d75db28de9890f6d644a217a73cf4ae74f47", size = 3603055 }
wheels = [
    { url = "https://files.pythonhosted.org/packages/5d/bd/8d881d8ca6d80fcb8da2b2f94f8855384daf649499ddfba78ffd1ee2caa3/zarr-2.18.2-py3-none-any.whl", hash = "sha256:a638754902f97efa99b406083fdc807a0e2ccf12a949117389d2a4ba9b05df38", size = 210228 },
]
